
Microsoft Visual Studio Solution File, Format Version 12.00
# Visual Studio Version 18
VisualStudioVersion = 18.1.11312.151
MinimumVisualStudioVersion = 10.0.40219.1
Project("{FAE04EC0-301F-11D3-BF4B-00C04F79EFBC}") = "FileExplorer", "FileExplorer.csproj", "{E942F4CB-AC71-A569-867F-650729E5F4ED}"
EndProject
Global
	GlobalSection(SolutionConfigurationPlatforms) = preSolution
		Debug|Any CPU = Debug|Any CPU
		Release|Any CPU = Release|Any CPU
	EndGlobalSection
	GlobalSection(ProjectConfigurationPlatforms) = postSolution
		{E942F4CB-AC71-A569-867F-650729E5F4ED}.Debug|Any CPU.ActiveCfg = Debug|Any CPU
		{E942F4CB-AC71-A569-867F-650729E5F4ED}.Debug|Any CPU.Build.0 = Debug|Any CPU
		{E942F4CB-AC71-A569-867F-650729E5F4ED}.Release|Any CPU.ActiveCfg = Release|Any CPU
		{E942F4CB-AC71-A569-867F-650729E5F4ED}.Release|Any CPU.Build.0 = Release|Any CPU
	EndGlobalSection
	GlobalSection(SolutionProperties) = preSolution
		HideSolutionNode = FALSE
	EndGlobalSection
	GlobalSection(ExtensibilityGlobals) = postSolution
		SolutionGuid = {37E970A0-A7B9-4B25-8574-88C9C86E3101}
	EndGlobalSection
EndGlobal
